
Microsoft Visual Studio Solution File, Format Version 12.00
# Visual Studio Version 18
VisualStudioVersion = 18.0.11222.15
MinimumVisualStudioVersion = 10.0.40219.1
Project("{9A19103F-16F7-4668-BE54-9A1E7A4F7556}") = "rabbitmq-trace-dump", "rabbitmq-trace-dump\rabbitmq-trace-dump.csproj", "{57A9F01D-2BB3-424A-8C89-647DB65EB0D5}"
EndProject
Project("{FAE04EC0-301F-11D3-BF4B-00C04F79EFBC}") = "rabbitmqTraceDump_Tests", "rabbitmqTraceDump_Tests\rabbitmqTraceDump_Tests.csproj", "{40CD9147-4A0D-4A15-BD64-09716149C5AC}"
EndProject
Global
	GlobalSection(SolutionConfigurationPlatforms) = preSolution
		Debug|Any CPU = Debug|Any CPU
		Debug|x64 = Debug|x64
		Debug|x86 = Debug|x86
		Release|Any CPU = Release|Any CPU
		Release|x64 = Release|x64
		Release|x86 = Release|x86
	EndGlobalSection
	GlobalSection(ProjectConfigurationPlatforms) = postSolution
		{57A9F01D-2BB3-424A-8C89-647DB65EB0D5}.Debug|Any CPU.ActiveCfg = Debug|Any CPU
		{57A9F01D-2BB3-424A-8C89-647DB65EB0D5}.Debug|Any CPU.Build.0 = Debug|Any CPU
		{57A9F01D-2BB3-424A-8C89-647DB65EB0D5}.Debug|x64.ActiveCfg = Debug|Any CPU
		{57A9F01D-2BB3-424A-8C89-647DB65EB0D5}.Debug|x64.Build.0 = Debug|Any CPU
		{57A9F01D-2BB3-424A-8C89-647DB65EB0D5}.Debug|x86.ActiveCfg = Debug|Any CPU
		{57A9F01D-2BB3-424A-8C89-647DB65EB0D5}.Debug|x86.Build.0 = Debug|Any CPU
		{57A9F01D-2BB3-424A-8C89-647DB65EB0D5}.Release|Any CPU.ActiveCfg = Release|Any CPU
		{57A9F01D-2BB3-424A-8C89-647DB65EB0D5}.Release|Any CPU.Build.0 = Release|Any CPU
		{57A9F01D-2BB3-424A-8C89-647DB65EB0D5}.Release|x64.ActiveCfg = Release|Any CPU
		{57A9F01D-2BB3-424A-8C89-647DB65EB0D5}.Release|x64.Build.0 = Release|Any CPU
		{57A9F01D-2BB3-424A-8C89-647DB65EB0D5}.Release|x86.ActiveCfg = Release|Any CPU
		{57A9F01D-2BB3-424A-8C89-647DB65EB0D5}.Release|x86.Build.0 = Release|Any CPU
		{40CD9147-4A0D-4A15-BD64-09716149C5AC}.Debug|Any CPU.ActiveCfg = Debug|Any CPU
		{40CD9147-4A0D-4A15-BD64-09716149C5AC}.Debug|Any CPU.Build.0 = Debug|Any CPU
		{40CD9147-4A0D-4A15-BD64-09716149C5AC}.Debug|x64.ActiveCfg = Debug|Any CPU
		{40CD9147-4A0D-4A15-BD64-09716149C5AC}.Debug|x64.Build.0 = Debug|Any CPU
		{40CD9147-4A0D-4A15-BD64-09716149C5AC}.Debug|x86.ActiveCfg = Debug|Any CPU
		{40CD9147-4A0D-4A15-BD64-09716149C5AC}.Debug|x86.Build.0 = Debug|Any CPU
		{40CD9147-4A0D-4A15-BD64-09716149C5AC}.Release|Any CPU.ActiveCfg = Release|Any CPU
		{40CD9147-4A0D-4A15-BD64-09716149C5AC}.Release|Any CPU.Build.0 = Release|Any CPU
		{40CD9147-4A0D-4A15-BD64-09716149C5AC}.Release|x64.ActiveCfg = Release|Any CPU
		{40CD9147-4A0D-4A15-BD64-09716149C5AC}.Release|x64.Build.0 = Release|Any CPU
		{40CD9147-4A0D-4A15-BD64-09716149C5AC}.Release|x86.ActiveCfg = Release|Any CPU
		{40CD9147-4A0D-4A15-BD64-09716149C5AC}.Release|x86.Build.0 = Release|Any CPU
	EndGlobalSection
	GlobalSection(SolutionProperties) = preSolution
		HideSolutionNode = FALSE
	EndGlobalSection
	GlobalSection(ExtensibilityGlobals) = postSolution
		SolutionGuid = {1C2CC620-EAB2-45DA-BC9C-09F764864D82}
	EndGlobalSection
EndGlobal
